// !$*UTF8*$!
{
	archiveVersion = 1;
	classes = {
	};
	objectVersion = 56;
	objects = {

/* Begin PBXBuildFile section */
		2B8868BE2C384F4000419C85 /* AppDelegate.swift in Sources */ = {isa = PBXBuildFile; fileRef = 2B8868BD2C384F4000419C85 /* AppDelegate.swift */; };
		2B8868C02C384F4000419C85 /* SceneDelegate.swift in Sources */ = {isa = PBXBuildFile; fileRef = 2B8868BF2C384F4000419C85 /* SceneDelegate.swift */; };
		2B8868C22C384F4000419C85 /* ViewController.swift in Sources */ = {isa = PBXBuildFile; fileRef = 2B8868C12C384F4000419C85 /* ViewController.swift */; };
		2B8868C52C384F4000419C85 /* Base in Resources */ = {isa = PBXBuildFile; fileRef = 2B8868C42C384F4000419C85 /* Base */; };
		2B8868C72C384F4300419C85 /* Assets.xcassets in Resources */ = {isa = PBXBuildFile; fileRef = 2B8868C62C384F4300419C85 /* Assets.xcassets */; };
		2B8868CA2C384F4300419C85 /* Base in Resources */ = {isa = PBXBuildFile; fileRef = 2B8868C92C384F4300419C85 /* Base */; };
		2B8868D52C384F4300419C85 /* penstrokemodelTests.swift in Sources */ = {isa = PBXBuildFile; fileRef = 2B8868D42C384F4300419C85 /* penstrokemodelTests.swift */; };
		2B8868DF2C384F4300419C85 /* penstrokemodelUITests.swift in Sources */ = {isa = PBXBuildFile; fileRef = 2B8868DE2C384F4300419C85 /* penstrokemodelUITests.swift */; };
		2B8868E12C384F4300419C85 /* penstrokemodelUITestsLaunchTests.swift in Sources */ = {isa = PBXBuildFile; fileRef = 2B8868E02C384F4300419C85 /* penstrokemodelUITestsLaunchTests.swift */; };
		2B8869582C39899E00419C85 /* BaseController.swift in Sources */ = {isa = PBXBuildFile; fileRef = 2B8869572C39899E00419C85 /* BaseController.swift */; };
		2B88695A2C3989C900419C85 /* DataInjection.swift in Sources */ = {isa = PBXBuildFile; fileRef = 2B8869592C3989C900419C85 /* DataInjection.swift */; };
		2B88695C2C398A5900419C85 /* CustomCanvasView.swift in Sources */ = {isa = PBXBuildFile; fileRef = 2B88695B2C398A5900419C85 /* CustomCanvasView.swift */; };
		2B88695E2C39A3D400419C85 /* StrokeModelHandler.swift in Sources */ = {isa = PBXBuildFile; fileRef = 2B88695D2C39A3D400419C85 /* StrokeModelHandler.swift */; };
		2B88697C2C3D5ADC00419C85 /* pen_stroke_model.tflite in Resources */ = {isa = PBXBuildFile; fileRef = 2B88697B2C3D5ADC00419C85 /* pen_stroke_model.tflite */; };
		2B88697D2C3D5ADC00419C85 /* pen_stroke_model.tflite in Resources */ = {isa = PBXBuildFile; fileRef = 2B88697B2C3D5ADC00419C85 /* pen_stroke_model.tflite */; };
		2B88697E2C3D5ADC00419C85 /* pen_stroke_model.tflite in Resources */ = {isa = PBXBuildFile; fileRef = 2B88697B2C3D5ADC00419C85 /* pen_stroke_model.tflite */; };
		2BC5918B2C3EBB57008FB383 /* pen_stroke_model_xyijk.tflite in Resources */ = {isa = PBXBuildFile; fileRef = 2BC5918A2C3EBB57008FB383 /* pen_stroke_model_xyijk.tflite */; };
		2BC5918C2C3EBB57008FB383 /* pen_stroke_model_xyijk.tflite in Resources */ = {isa = PBXBuildFile; fileRef = 2BC5918A2C3EBB57008FB383 /* pen_stroke_model_xyijk.tflite */; };
		2BC5918D2C3EBB57008FB383 /* pen_stroke_model_xyijk.tflite in Resources */ = {isa = PBXBuildFile; fileRef = 2BC5918A2C3EBB57008FB383 /* pen_stroke_model_xyijk.tflite */; };
		2BC5918E2C3EBBA5008FB383 /* StrokeModelHandler.swift in Sources */ = {isa = PBXBuildFile; fileRef = 2B88695D2C39A3D400419C85 /* StrokeModelHandler.swift */; };
		2BC5918F2C3EBBA6008FB383 /* StrokeModelHandler.swift in Sources */ = {isa = PBXBuildFile; fileRef = 2B88695D2C39A3D400419C85 /* StrokeModelHandler.swift */; };
		2BC591952C3ED244008FB383 /* pen_stroke_model_small.tflite in Resources */ = {isa = PBXBuildFile; fileRef = 2BC591942C3ED244008FB383 /* pen_stroke_model_small.tflite */; };
		2BC591962C3ED244008FB383 /* pen_stroke_model_small.tflite in Resources */ = {isa = PBXBuildFile; fileRef = 2BC591942C3ED244008FB383 /* pen_stroke_model_small.tflite */; };
		2BC591972C3ED244008FB383 /* pen_stroke_model_small.tflite in Resources */ = {isa = PBXBuildFile; fileRef = 2BC591942C3ED244008FB383 /* pen_stroke_model_small.tflite */; };
		2BC591992C4025AD008FB383 /* pen_stroke_model0.tflite in Resources */ = {isa = PBXBuildFile; fileRef = 2BC591982C4025AD008FB383 /* pen_stroke_model0.tflite */; };
		2BC5919A2C4025AD008FB383 /* pen_stroke_model0.tflite in Resources */ = {isa = PBXBuildFile; fileRef = 2BC591982C4025AD008FB383 /* pen_stroke_model0.tflite */; };
		2BC5919B2C4025AD008FB383 /* pen_stroke_model0.tflite in Resources */ = {isa = PBXBuildFile; fileRef = 2BC591982C4025AD008FB383 /* pen_stroke_model0.tflite */; };
		2BCA1A8F2C411C3600160B51 /* pen_stroke_modelratio.tflite in Resources */ = {isa = PBXBuildFile; fileRef = 2BCA1A8E2C411C3500160B51 /* pen_stroke_modelratio.tflite */; };
		2BCA1A902C411C3600160B51 /* pen_stroke_modelratio.tflite in Resources */ = {isa = PBXBuildFile; fileRef = 2BCA1A8E2C411C3500160B51 /* pen_stroke_modelratio.tflite */; };
		2BCA1A912C411C3600160B51 /* pen_stroke_modelratio.tflite in Resources */ = {isa = PBXBuildFile; fileRef = 2BCA1A8E2C411C3500160B51 /* pen_stroke_modelratio.tflite */; };
		F73DA3F8E202E9E743623969 /* Pods_penstrokemodel.framework in Frameworks */ = {isa = PBXBuildFile; fileRef = 5F2964705EA826B6B8B07071 /* Pods_penstrokemodel.framework */; };
/* End PBXBuildFile section */

/* Begin PBXContainerItemProxy section */
		2B8868D12C384F4300419C85 /* PBXContainerItemProxy */ = {
			isa = PBXContainerItemProxy;
			containerPortal = 2B8868B22C384F4000419C85 /* Project object */;
			proxyType = 1;
			remoteGlobalIDString = 2B8868B92C384F4000419C85;
			remoteInfo = penstrokemodel;
		};
		2B8868DB2C384F4300419C85 /* PBXContainerItemProxy */ = {
			isa = PBXContainerItemProxy;
			containerPortal = 2B8868B22C384F4000419C85 /* Project object */;
			proxyType = 1;
			remoteGlobalIDString = 2B8868B92C384F4000419C85;
			remoteInfo = penstrokemodel;
		};
/* End PBXContainerItemProxy section */

/* Begin PBXFileReference section */
		2B8868BA2C384F4000419C85 /* penstrokemodel.app */ = {isa = PBXFileReference; explicitFileType = wrapper.application; includeInIndex = 0; path = penstrokemodel.app; sourceTree = BUILT_PRODUCTS_DIR; };
		2B8868BD2C384F4000419C85 /* AppDelegate.swift */ = {isa = PBXFileReference; lastKnownFileType = sourcecode.swift; path = AppDelegate.swift; sourceTree = "<group>"; };
		2B8868BF2C384F4000419C85 /* SceneDelegate.swift */ = {isa = PBXFileReference; lastKnownFileType = sourcecode.swift; path = SceneDelegate.swift; sourceTree = "<group>"; };
		2B8868C12C384F4000419C85 /* ViewController.swift */ = {isa = PBXFileReference; lastKnownFileType = sourcecode.swift; path = ViewController.swift; sourceTree = "<group>"; };
		2B8868C42C384F4000419C85 /* Base */ = {isa = PBXFileReference; lastKnownFileType = file.storyboard; name = Base; path = Base.lproj/Main.storyboard; sourceTree = "<group>"; };
		2B8868C62C384F4300419C85 /* Assets.xcassets */ = {isa = PBXFileReference; lastKnownFileType = folder.assetcatalog; path = Assets.xcassets; sourceTree = "<group>"; };
		2B8868C92C384F4300419C85 /* Base */ = {isa = PBXFileReference; lastKnownFileType = file.storyboard; name = Base; path = Base.lproj/LaunchScreen.storyboard; sourceTree = "<group>"; };
		2B8868CB2C384F4300419C85 /* Info.plist */ = {isa = PBXFileReference; lastKnownFileType = text.plist.xml; path = Info.plist; sourceTree = "<group>"; };
		2B8868D02C384F4300419C85 /* penstrokemodelTests.xctest */ = {isa = PBXFileReference; explicitFileType = wrapper.cfbundle; includeInIndex = 0; path = penstrokemodelTests.xctest; sourceTree = BUILT_PRODUCTS_DIR; };
		2B8868D42C384F4300419C85 /* penstrokemodelTests.swift */ = {isa = PBXFileReference; lastKnownFileType = sourcecode.swift; path = penstrokemodelTests.swift; sourceTree = "<group>"; };
		2B8868DA2C384F4300419C85 /* penstrokemodelUITests.xctest */ = {isa = PBXFileReference; explicitFileType = wrapper.cfbundle; includeInIndex = 0; path = penstrokemodelUITests.xctest; sourceTree = BUILT_PRODUCTS_DIR; };
		2B8868DE2C384F4300419C85 /* penstrokemodelUITests.swift */ = {isa = PBXFileReference; lastKnownFileType = sourcecode.swift; path = penstrokemodelUITests.swift; sourceTree = "<group>"; };
		2B8868E02C384F4300419C85 /* penstrokemodelUITestsLaunchTests.swift */ = {isa = PBXFileReference; lastKnownFileType = sourcecode.swift; path = penstrokemodelUITestsLaunchTests.swift; sourceTree = "<group>"; };
		2B8869572C39899E00419C85 /* BaseController.swift */ = {isa = PBXFileReference; lastKnownFileType = sourcecode.swift; path = BaseController.swift; sourceTree = "<group>"; };
		2B8869592C3989C900419C85 /* DataInjection.swift */ = {isa = PBXFileReference; lastKnownFileType = sourcecode.swift; path = DataInjection.swift; sourceTree = "<group>"; };
		2B88695B2C398A5900419C85 /* CustomCanvasView.swift */ = {isa = PBXFileReference; lastKnownFileType = sourcecode.swift; path = CustomCanvasView.swift; sourceTree = "<group>"; };
		2B88695D2C39A3D400419C85 /* StrokeModelHandler.swift */ = {isa = PBXFileReference; lastKnownFileType = sourcecode.swift; path = StrokeModelHandler.swift; sourceTree = "<group>"; };
		2B88697B2C3D5ADC00419C85 /* pen_stroke_model.tflite */ = {isa = PBXFileReference; lastKnownFileType = file; path = pen_stroke_model.tflite; sourceTree = "<group>"; };
		2BC5918A2C3EBB57008FB383 /* pen_stroke_model_xyijk.tflite */ = {isa = PBXFileReference; lastKnownFileType = file; path = pen_stroke_model_xyijk.tflite; sourceTree = "<group>"; };
		2BC591942C3ED244008FB383 /* pen_stroke_model_small.tflite */ = {isa = PBXFileReference; lastKnownFileType = file; path = pen_stroke_model_small.tflite; sourceTree = "<group>"; };
		2BC591982C4025AD008FB383 /* pen_stroke_model0.tflite */ = {isa = PBXFileReference; lastKnownFileType = file; path = pen_stroke_model0.tflite; sourceTree = "<group>"; };
		2BCA1A8E2C411C3500160B51 /* pen_stroke_modelratio.tflite */ = {isa = PBXFileReference; lastKnownFileType = file; path = pen_stroke_modelratio.tflite; sourceTree = "<group>"; };
		4953BBCDB4B9F567EDB7E29B /* Pods-penstrokemodel.release.xcconfig */ = {isa = PBXFileReference; includeInIndex = 1; lastKnownFileType = text.xcconfig; name = "Pods-penstrokemodel.release.xcconfig"; path = "Target Support Files/Pods-penstrokemodel/Pods-penstrokemodel.release.xcconfig"; sourceTree = "<group>"; };
		5F2964705EA826B6B8B07071 /* Pods_penstrokemodel.framework */ = {isa = PBXFileReference; explicitFileType = wrapper.framework; includeInIndex = 0; path = Pods_penstrokemodel.framework; sourceTree = BUILT_PRODUCTS_DIR; };
		8A516646752F5CFF2FDCB2B6 /* Pods-penstrokemodel.debug.xcconfig */ = {isa = PBXFileReference; includeInIndex = 1; lastKnownFileType = text.xcconfig; name = "Pods-penstrokemodel.debug.xcconfig"; path = "Target Support Files/Pods-penstrokemodel/Pods-penstrokemodel.debug.xcconfig"; sourceTree = "<group>"; };
/* End PBXFileReference section */

/* Begin PBXFrameworksBuildPhase section */
		2B8868B72C384F4000419C85 /* Frameworks */ = {
			isa = PBXFrameworksBuildPhase;
			buildActionMask = 2147483647;
			files = (
				F73DA3F8E202E9E743623969 /* Pods_penstrokemodel.framework in Frameworks */,
			);
			runOnlyForDeploymentPostprocessing = 0;
		};
		2B8868CD2C384F4300419C85 /* Frameworks */ = {
			isa = PBXFrameworksBuildPhase;
			buildActionMask = 2147483647;
			files = (
			);
			runOnlyForDeploymentPostprocessing = 0;
		};
		2B8868D72C384F4300419C85 /* Frameworks */ = {
			isa = PBXFrameworksBuildPhase;
			buildActionMask = 2147483647;
			files = (
			);
			runOnlyForDeploymentPostprocessing = 0;
		};
/* End PBXFrameworksBuildPhase section */

/* Begin PBXGroup section */
		2B8868B12C384F4000419C85 = {
			isa = PBXGroup;
			children = (
				2B8868BC2C384F4000419C85 /* penstrokemodel */,
				2B8868D32C384F4300419C85 /* penstrokemodelTests */,
				2B8868DD2C384F4300419C85 /* penstrokemodelUITests */,
				2B8868BB2C384F4000419C85 /* Products */,
				A508DFCEA27E41A6A2C6A877 /* Pods */,
				EE76E998AE9D81A995FA0EE3 /* Frameworks */,
			);
			sourceTree = "<group>";
		};
		2B8868BB2C384F4000419C85 /* Products */ = {
			isa = PBXGroup;
			children = (
				2B8868BA2C384F4000419C85 /* penstrokemodel.app */,
				2B8868D02C384F4300419C85 /* penstrokemodelTests.xctest */,
				2B8868DA2C384F4300419C85 /* penstrokemodelUITests.xctest */,
			);
			name = Products;
			sourceTree = "<group>";
		};
		2B8868BC2C384F4000419C85 /* penstrokemodel */ = {
			isa = PBXGroup;
			children = (
				2B8868BD2C384F4000419C85 /* AppDelegate.swift */,
				2B8868BF2C384F4000419C85 /* SceneDelegate.swift */,
				2B88695D2C39A3D400419C85 /* StrokeModelHandler.swift */,
				2B8868C12C384F4000419C85 /* ViewController.swift */,
				2B8869592C3989C900419C85 /* DataInjection.swift */,
				2B88695B2C398A5900419C85 /* CustomCanvasView.swift */,
				2B8869572C39899E00419C85 /* BaseController.swift */,
				2B8868C32C384F4000419C85 /* Main.storyboard */,
				2B8868C62C384F4300419C85 /* Assets.xcassets */,
				2B8868C82C384F4300419C85 /* LaunchScreen.storyboard */,
				2B8868CB2C384F4300419C85 /* Info.plist */,
				2BCA1A8E2C411C3500160B51 /* pen_stroke_modelratio.tflite */,
				2BC591982C4025AD008FB383 /* pen_stroke_model0.tflite */,
				2BC591942C3ED244008FB383 /* pen_stroke_model_small.tflite */,
				2B88697B2C3D5ADC00419C85 /* pen_stroke_model.tflite */,
				2BC5918A2C3EBB57008FB383 /* pen_stroke_model_xyijk.tflite */,
			);
			path = penstrokemodel;
			sourceTree = "<group>";
		};
		2B8868D32C384F4300419C85 /* penstrokemodelTests */ = {
			isa = PBXGroup;
			children = (
				2B8868D42C384F4300419C85 /* penstrokemodelTests.swift */,
			);
			path = penstrokemodelTests;
			sourceTree = "<group>";
		};
		2B8868DD2C384F4300419C85 /* penstrokemodelUITests */ = {
			isa = PBXGroup;
			children = (
				2B8868DE2C384F4300419C85 /* penstrokemodelUITests.swift */,
				2B8868E02C384F4300419C85 /* penstrokemodelUITestsLaunchTests.swift */,
			);
			path = penstrokemodelUITests;
			sourceTree = "<group>";
		};
		A508DFCEA27E41A6A2C6A877 /* Pods */ = {
			isa = PBXGroup;
			children = (
				8A516646752F5CFF2FDCB2B6 /* Pods-penstrokemodel.debug.xcconfig */,
				4953BBCDB4B9F567EDB7E29B /* Pods-penstrokemodel.release.xcconfig */,
			);
			path = Pods;
			sourceTree = "<group>";
		};
		EE76E998AE9D81A995FA0EE3 /* Frameworks */ = {
			isa = PBXGroup;
			children = (
				5F2964705EA826B6B8B07071 /* Pods_penstrokemodel.framework */,
			);
			name = Frameworks;
			sourceTree = "<group>";
		};
/* End PBXGroup section */

/* Begin PBXNativeTarget section */
		2B8868B92C384F4000419C85 /* penstrokemodel */ = {
			isa = PBXNativeTarget;
			buildConfigurationList = 2B8868E42C384F4300419C85 /* Build configuration list for PBXNativeTarget "penstrokemodel" */;
			buildPhases = (
				06E307936FCAAE1E30F6E8C1 /* [CP] Check Pods Manifest.lock */,
				2B8868B62C384F4000419C85 /* Sources */,
				2B8868B72C384F4000419C85 /* Frameworks */,
				2B8868B82C384F4000419C85 /* Resources */,
				285A00F69ECC513EF3BEB6FF /* [CP] Copy Pods Resources */,
			);
			buildRules = (
			);
			dependencies = (
			);
			name = penstrokemodel;
			productName = penstrokemodel;
			productReference = 2B8868BA2C384F4000419C85 /* penstrokemodel.app */;
			productType = "com.apple.product-type.application";
		};
		2B8868CF2C384F4300419C85 /* penstrokemodelTests */ = {
			isa = PBXNativeTarget;
			buildConfigurationList = 2B8868E72C384F4300419C85 /* Build configuration list for PBXNativeTarget "penstrokemodelTests" */;
			buildPhases = (
				2B8868CC2C384F4300419C85 /* Sources */,
				2B8868CD2C384F4300419C85 /* Frameworks */,
				2B8868CE2C384F4300419C85 /* Resources */,
			);
			buildRules = (
			);
			dependencies = (
				2B8868D22C384F4300419C85 /* PBXTargetDependency */,
			);
			name = penstrokemodelTests;
			productName = penstrokemodelTests;
			productReference = 2B8868D02C384F4300419C85 /* penstrokemodelTests.xctest */;
			productType = "com.apple.product-type.bundle.unit-test";
		};
		2B8868D92C384F4300419C85 /* penstrokemodelUITests */ = {
			isa = PBXNativeTarget;
			buildConfigurationList = 2B8868EA2C384F4300419C85 /* Build configuration list for PBXNativeTarget "penstrokemodelUITests" */;
			buildPhases = (
				2B8868D62C384F4300419C85 /* Sources */,
				2B8868D72C384F4300419C85 /* Frameworks */,
				2B8868D82C384F4300419C85 /* Resources */,
			);
			buildRules = (
			);
			dependencies = (
				2B8868DC2C384F4300419C85 /* PBXTargetDependency */,
			);
			name = penstrokemodelUITests;
			productName = penstrokemodelUITests;
			productReference = 2B8868DA2C384F4300419C85 /* penstrokemodelUITests.xctest */;
			productType = "com.apple.product-type.bundle.ui-testing";
		};
/* End PBXNativeTarget section */

/* Begin PBXProject section */
		2B8868B22C384F4000419C85 /* Project object */ = {
			isa = PBXProject;
			attributes = {
				BuildIndependentTargetsInParallel = 1;
				LastSwiftUpdateCheck = 1530;
				LastUpgradeCheck = 1530;
				TargetAttributes = {
					2B8868B92C384F4000419C85 = {
						CreatedOnToolsVersion = 15.3;
					};
					2B8868CF2C384F4300419C85 = {
						CreatedOnToolsVersion = 15.3;
						TestTargetID = 2B8868B92C384F4000419C85;
					};
					2B8868D92C384F4300419C85 = {
						CreatedOnToolsVersion = 15.3;
						TestTargetID = 2B8868B92C384F4000419C85;
					};
				};
			};
			buildConfigurationList = 2B8868B52C384F4000419C85 /* Build configuration list for PBXProject "penstrokemodel" */;
			compatibilityVersion = "Xcode 14.0";
			developmentRegion = en;
			hasScannedForEncodings = 0;
			knownRegions = (
				en,
				Base,
			);
			mainGroup = 2B8868B12C384F4000419C85;
			productRefGroup = 2B8868BB2C384F4000419C85 /* Products */;
			projectDirPath = "";
			projectRoot = "";
			targets = (
				2B8868B92C384F4000419C85 /* penstrokemodel */,
				2B8868CF2C384F4300419C85 /* penstrokemodelTests */,
				2B8868D92C384F4300419C85 /* penstrokemodelUITests */,
			);
		};
/* End PBXProject section */

/* Begin PBXResourcesBuildPhase section */
		2B8868B82C384F4000419C85 /* Resources */ = {
			isa = PBXResourcesBuildPhase;
			buildActionMask = 2147483647;
			files = (
				2BC5918B2C3EBB57008FB383 /* pen_stroke_model_xyijk.tflite in Resources */,
				2B8868C72C384F4300419C85 /* Assets.xcassets in Resources */,
				2B8868CA2C384F4300419C85 /* Base in Resources */,
				2BCA1A8F2C411C3600160B51 /* pen_stroke_modelratio.tflite in Resources */,
				2BC591952C3ED244008FB383 /* pen_stroke_model_small.tflite in Resources */,
				2B8868C52C384F4000419C85 /* Base in Resources */,
				2B88697C2C3D5ADC00419C85 /* pen_stroke_model.tflite in Resources */,
				2BC591992C4025AD008FB383 /* pen_stroke_model0.tflite in Resources */,
			);
			runOnlyForDeploymentPostprocessing = 0;
		};
		2B8868CE2C384F4300419C85 /* Resources */ = {
			isa = PBXResourcesBuildPhase;
			buildActionMask = 2147483647;
			files = (
				2BCA1A902C411C3600160B51 /* pen_stroke_modelratio.tflite in Resources */,
				2BC5919A2C4025AD008FB383 /* pen_stroke_model0.tflite in Resources */,
				2BC591962C3ED244008FB383 /* pen_stroke_model_small.tflite in Resources */,
				2B88697D2C3D5ADC00419C85 /* pen_stroke_model.tflite in Resources */,
				2BC5918C2C3EBB57008FB383 /* pen_stroke_model_xyijk.tflite in Resources */,
			);
			runOnlyForDeploymentPostprocessing = 0;
		};
		2B8868D82C384F4300419C85 /* Resources */ = {
			isa = PBXResourcesBuildPhase;
			buildActionMask = 2147483647;
			files = (
				2BCA1A912C411C3600160B51 /* pen_stroke_modelratio.tflite in Resources */,
				2BC5919B2C4025AD008FB383 /* pen_stroke_model0.tflite in Resources */,
				2BC591972C3ED244008FB383 /* pen_stroke_model_small.tflite in Resources */,
				2B88697E2C3D5ADC00419C85 /* pen_stroke_model.tflite in Resources */,
				2BC5918D2C3EBB57008FB383 /* pen_stroke_model_xyijk.tflite in Resources */,
			);
			runOnlyForDeploymentPostprocessing = 0;
		};
/* End PBXResourcesBuildPhase section */

/* Begin PBXShellScriptBuildPhase section */
		06E307936FCAAE1E30F6E8C1 /* [CP] Check Pods Manifest.lock */ = {
			isa = PBXShellScriptBuildPhase;
			buildActionMask = 2147483647;
			files = (
			);
			inputFileListPaths = (
			);
			inputPaths = (
				"${PODS_PODFILE_DIR_PATH}/Podfile.lock",
				"${PODS_ROOT}/Manifest.lock",
			);
			name = "[CP] Check Pods Manifest.lock";
			outputFileListPaths = (
			);
			outputPaths = (
				"$(DERIVED_FILE_DIR)/Pods-penstrokemodel-checkManifestLockResult.txt",
			);
			runOnlyForDeploymentPostprocessing = 0;
			shellPath = /bin/sh;
			shellScript = "diff \"${PODS_PODFILE_DIR_PATH}/Podfile.lock\" \"${PODS_ROOT}/Manifest.lock\" > /dev/null\nif [ $? != 0 ] ; then\n    # print error to STDERR\n    echo \"error: The sandbox is not in sync with the Podfile.lock. Run 'pod install' or update your CocoaPods installation.\" >&2\n    exit 1\nfi\n# This output is used by Xcode 'outputs' to avoid re-running this script phase.\necho \"SUCCESS\" > \"${SCRIPT_OUTPUT_FILE_0}\"\n";
			showEnvVarsInLog = 0;
		};
		285A00F69ECC513EF3BEB6FF /* [CP] Copy Pods Resources */ = {
			isa = PBXShellScriptBuildPhase;
			buildActionMask = 2147483647;
			files = (
			);
			inputFileListPaths = (
				"${PODS_ROOT}/Target Support Files/Pods-penstrokemodel/Pods-penstrokemodel-resources-${CONFIGURATION}-input-files.xcfilelist",
			);
			name = "[CP] Copy Pods Resources";
			outputFileListPaths = (
				"${PODS_ROOT}/Target Support Files/Pods-penstrokemodel/Pods-penstrokemodel-resources-${CONFIGURATION}-output-files.xcfilelist",
			);
			runOnlyForDeploymentPostprocessing = 0;
			shellPath = /bin/sh;
			shellScript = "\"${PODS_ROOT}/Target Support Files/Pods-penstrokemodel/Pods-penstrokemodel-resources.sh\"\n";
			showEnvVarsInLog = 0;
		};
/* End PBXShellScriptBuildPhase section */

/* Begin PBXSourcesBuildPhase section */
		2B8868B62C384F4000419C85 /* Sources */ = {
			isa = PBXSourcesBuildPhase;
			buildActionMask = 2147483647;
			files = (
				2B88695E2C39A3D400419C85 /* StrokeModelHandler.swift in Sources */,
				2B8868C22C384F4000419C85 /* ViewController.swift in Sources */,
				2B8868BE2C384F4000419C85 /* AppDelegate.swift in Sources */,
				2B8869582C39899E00419C85 /* BaseController.swift in Sources */,
				2B88695C2C398A5900419C85 /* CustomCanvasView.swift in Sources */,
				2B8868C02C384F4000419C85 /* SceneDelegate.swift in Sources */,
				2B88695A2C3989C900419C85 /* DataInjection.swift in Sources */,
			);
			runOnlyForDeploymentPostprocessing = 0;
		};
		2B8868CC2C384F4300419C85 /* Sources */ = {
			isa = PBXSourcesBuildPhase;
			buildActionMask = 2147483647;
			files = (
				2BC5918E2C3EBBA5008FB383 /* StrokeModelHandler.swift in Sources */,
				2B8868D52C384F4300419C85 /* penstrokemodelTests.swift in Sources */,
			);
			runOnlyForDeploymentPostprocessing = 0;
		};
		2B8868D62C384F4300419C85 /* Sources */ = {
			isa = PBXSourcesBuildPhase;
			buildActionMask = 2147483647;
			files = (
				2B8868E12C384F4300419C85 /* penstrokemodelUITestsLaunchTests.swift in Sources */,
				2B8868DF2C384F4300419C85 /* penstrokemodelUITests.swift in Sources */,
				2BC5918F2C3EBBA6008FB383 /* StrokeModelHandler.swift in Sources */,
			);
			runOnlyForDeploymentPostprocessing = 0;
		};
/* End PBXSourcesBuildPhase section */

/* Begin PBXTargetDependency section */
		2B8868D22C384F4300419C85 /* PBXTargetDependency */ = {
			isa = PBXTargetDependency;
			target = 2B8868B92C384F4000419C85 /* penstrokemodel */;
			targetProxy = 2B8868D12C384F4300419C85 /* PBXContainerItemProxy */;
		};
		2B8868DC2C384F4300419C85 /* PBXTargetDependency */ = {
			isa = PBXTargetDependency;
			target = 2B8868B92C384F4000419C85 /* penstrokemodel */;
			targetProxy = 2B8868DB2C384F4300419C85 /* PBXContainerItemProxy */;
		};
/* End PBXTargetDependency section */

/* Begin PBXVariantGroup section */
		2B8868C32C384F4000419C85 /* Main.storyboard */ = {
			isa = PBXVariantGroup;
			children = (
				2B8868C42C384F4000419C85 /* Base */,
			);
			name = Main.storyboard;
			sourceTree = "<group>";
		};
		2B8868C82C384F4300419C85 /* LaunchScreen.storyboard */ = {
			isa = PBXVariantGroup;
			children = (
				2B8868C92C384F4300419C85 /* Base */,
			);
			name = LaunchScreen.storyboard;
			sourceTree = "<group>";
		};
/* End PBXVariantGroup section */

/* Begin XCBuildConfiguration section */
		2B8868E22C384F4300419C85 /* Debug */ = {
			isa = XCBuildConfiguration;
			buildSettings = {
				ALWAYS_SEARCH_USER_PATHS = NO;
				ASSETCATALOG_COMPILER_GENERATE_SWIFT_ASSET_SYMBOL_EXTENSIONS = YES;
				CLANG_ANALYZER_NONNULL = YES;
				CLANG_ANALYZER_NUMBER_OBJECT_CONVERSION = YES_AGGRESSIVE;
				CLANG_CXX_LANGUAGE_STANDARD = "gnu++20";
				CLANG_ENABLE_MODULES = YES;
				CLANG_ENABLE_OBJC_ARC = YES;
				CLANG_ENABLE_OBJC_WEAK = YES;
				CLANG_WARN_BLOCK_CAPTURE_AUTORELEASING = YES;
				CLANG_WARN_BOOL_CONVERSION = YES;
				CLANG_WARN_COMMA = YES;
				CLANG_WARN_CONSTANT_CONVERSION = YES;
				CLANG_WARN_DEPRECATED_OBJC_IMPLEMENTATIONS = YES;
				CLANG_WARN_DIRECT_OBJC_ISA_USAGE = YES_ERROR;
				CLANG_WARN_DOCUMENTATION_COMMENTS = YES;
				CLANG_WARN_EMPTY_BODY = YES;
				CLANG_WARN_ENUM_CONVERSION = YES;
				CLANG_WARN_INFINITE_RECURSION = YES;
				CLANG_WARN_INT_CONVERSION = YES;
				CLANG_WARN_NON_LITERAL_NULL_CONVERSION = YES;
				CLANG_WARN_OBJC_IMPLICIT_RETAIN_SELF = YES;
				CLANG_WARN_OBJC_LITERAL_CONVERSION = YES;
				CLANG_WARN_OBJC_ROOT_CLASS = YES_ERROR;
				CLANG_WARN_QUOTED_INCLUDE_IN_FRAMEWORK_HEADER = YES;
				CLANG_WARN_RANGE_LOOP_ANALYSIS = YES;
				CLANG_WARN_STRICT_PROTOTYPES = YES;
				CLANG_WARN_SUSPICIOUS_MOVE = YES;
				CLANG_WARN_UNGUARDED_AVAILABILITY = YES_AGGRESSIVE;
				CLANG_WARN_UNREACHABLE_CODE = YES;
				CLANG_WARN__DUPLICATE_METHOD_MATCH = YES;
				COPY_PHASE_STRIP = NO;
				DEBUG_INFORMATION_FORMAT = dwarf;
				ENABLE_STRICT_OBJC_MSGSEND = YES;
				ENABLE_TESTABILITY = YES;
				ENABLE_USER_SCRIPT_SANDBOXING = YES;
				GCC_C_LANGUAGE_STANDARD = gnu17;
				GCC_DYNAMIC_NO_PIC = NO;
				GCC_NO_COMMON_BLOCKS = YES;
				GCC_OPTIMIZATION_LEVEL = 0;
				GCC_PREPROCESSOR_DEFINITIONS = (
					"DEBUG=1",
					"$(inherited)",
				);
				GCC_WARN_64_TO_32_BIT_CONVERSION = YES;
				GCC_WARN_ABOUT_RETURN_TYPE = YES_ERROR;
				GCC_WARN_UNDECLARED_SELECTOR = YES;
				GCC_WARN_UNINITIALIZED_AUTOS = YES_AGGRESSIVE;
				GCC_WARN_UNUSED_FUNCTION = YES;
				GCC_WARN_UNUSED_VARIABLE = YES;
				IPHONEOS_DEPLOYMENT_TARGET = 14.0;
				LOCALIZATION_PREFERS_STRING_CATALOGS = YES;
				MTL_ENABLE_DEBUG_INFO = INCLUDE_SOURCE;
				MTL_FAST_MATH = YES;
				ONLY_ACTIVE_ARCH = YES;
				OTHER_LDFLAGS = (
					"-force_load",
					"$(SRCROOT)/Pods/TensorFlowLiteSelectTfOps/Frameworks/TensorFlowLiteSelectTfOps.xcframework/ios-arm64/TensorFlowLiteSelectTfOps.framework/TensorFlowLiteSelectTfOps",
				);
				SDKROOT = iphoneos;
				SWIFT_ACTIVE_COMPILATION_CONDITIONS = "DEBUG $(inherited)";
				SWIFT_OPTIMIZATION_LEVEL = "-Onone";
			};
			name = Debug;
		};
		2B8868E32C384F4300419C85 /* Release */ = {
			isa = XCBuildConfiguration;
			buildSettings = {
				ALWAYS_SEARCH_USER_PATHS = NO;
				ASSETCATALOG_COMPILER_GENERATE_SWIFT_ASSET_SYMBOL_EXTENSIONS = YES;
				CLANG_ANALYZER_NONNULL = YES;
				CLANG_ANALYZER_NUMBER_OBJECT_CONVERSION = YES_AGGRESSIVE;
				CLANG_CXX_LANGUAGE_STANDARD = "gnu++20";
				CLANG_ENABLE_MODULES = YES;
				CLANG_ENABLE_OBJC_ARC = YES;
				CLANG_ENABLE_OBJC_WEAK = YES;
				CLANG_WARN_BLOCK_CAPTURE_AUTORELEASING = YES;
				CLANG_WARN_BOOL_CONVERSION = YES;
				CLANG_WARN_COMMA = YES;
				CLANG_WARN_CONSTANT_CONVERSION = YES;
				CLANG_WARN_DEPRECATED_OBJC_IMPLEMENTATIONS = YES;
				CLANG_WARN_DIRECT_OBJC_ISA_USAGE = YES_ERROR;
				CLANG_WARN_DOCUMENTATION_COMMENTS = YES;
				CLANG_WARN_EMPTY_BODY = YES;
				CLANG_WARN_ENUM_CONVERSION = YES;
				CLANG_WARN_INFINITE_RECURSION = YES;
				CLANG_WARN_INT_CONVERSION = YES;
				CLANG_WARN_NON_LITERAL_NULL_CONVERSION = YES;
				CLANG_WARN_OBJC_IMPLICIT_RETAIN_SELF = YES;
				CLANG_WARN_OBJC_LITERAL_CONVERSION = YES;
				CLANG_WARN_OBJC_ROOT_CLASS = YES_ERROR;
				CLANG_WARN_QUOTED_INCLUDE_IN_FRAMEWORK_HEADER = YES;
				CLANG_WARN_RANGE_LOOP_ANALYSIS = YES;
				CLANG_WARN_STRICT_PROTOTYPES = YES;
				CLANG_WARN_SUSPICIOUS_MOVE = YES;
				CLANG_WARN_UNGUARDED_AVAILABILITY = YES_AGGRESSIVE;
				CLANG_WARN_UNREACHABLE_CODE = YES;
				CLANG_WARN__DUPLICATE_METHOD_MATCH = YES;
				COPY_PHASE_STRIP = NO;
				DEBUG_INFORMATION_FORMAT = "dwarf-with-dsym";
				ENABLE_NS_ASSERTIONS = NO;
				ENABLE_STRICT_OBJC_MSGSEND = YES;
				ENABLE_USER_SCRIPT_SANDBOXING = YES;
				GCC_C_LANGUAGE_STANDARD = gnu17;
				GCC_NO_COMMON_BLOCKS = YES;
				GCC_WARN_64_TO_32_BIT_CONVERSION = YES;
				GCC_WARN_ABOUT_RETURN_TYPE = YES_ERROR;
				GCC_WARN_UNDECLARED_SELECTOR = YES;
				GCC_WARN_UNINITIALIZED_AUTOS = YES_AGGRESSIVE;
				GCC_WARN_UNUSED_FUNCTION = YES;
				GCC_WARN_UNUSED_VARIABLE = YES;
				IPHONEOS_DEPLOYMENT_TARGET = 14.0;
				LOCALIZATION_PREFERS_STRING_CATALOGS = YES;
				MTL_ENABLE_DEBUG_INFO = NO;
				MTL_FAST_MATH = YES;
				OTHER_LDFLAGS = (
					"-force_load",
					"$(SRCROOT)/Pods/TensorFlowLiteSelectTfOps/Frameworks/TensorFlowLiteSelectTfOps.xcframework/ios-arm64/TensorFlowLiteSelectTfOps.framework/TensorFlowLiteSelectTfOps",
				);
				SDKROOT = iphoneos;
				SWIFT_COMPILATION_MODE = wholemodule;
				VALIDATE_PRODUCT = YES;
			};
			name = Release;
		};
		2B8868E52C384F4300419C85 /* Debug */ = {
			isa = XCBuildConfiguration;
			baseConfigurationReference = 8A516646752F5CFF2FDCB2B6 /* Pods-penstrokemodel.debug.xcconfig */;
			buildSettings = {
				ASSETCATALOG_COMPILER_APPICON_NAME = AppIcon;
				ASSETCATALOG_COMPILER_GLOBAL_ACCENT_COLOR_NAME = AccentColor;
				CODE_SIGN_STYLE = Automatic;
				CURRENT_PROJECT_VERSION = 1;
				DEVELOPMENT_TEAM = 637JS3JU7M;
				ENABLE_USER_SCRIPT_SANDBOXING = NO;
				GENERATE_INFOPLIST_FILE = YES;
				INFOPLIST_FILE = penstrokemodel/Info.plist;
				INFOPLIST_KEY_UIApplicationSupportsIndirectInputEvents = YES;
				INFOPLIST_KEY_UILaunchStoryboardName = LaunchScreen;
				INFOPLIST_KEY_UIMainStoryboardFile = Main;
				INFOPLIST_KEY_UISupportedInterfaceOrientations_iPad = "UIInterfaceOrientationPortrait UIInterfaceOrientationPortraitUpsideDown UIInterfaceOrientationLandscapeLeft UIInterfaceOrientationLandscapeRight";
				INFOPLIST_KEY_UISupportedInterfaceOrientations_iPhone = "UIInterfaceOrientationPortrait UIInterfaceOrientationLandscapeLeft UIInterfaceOrientationLandscapeRight";
				LD_RUNPATH_SEARCH_PATHS = (
					"$(inherited)",
					"@executable_path/Frameworks",
				);
				MARKETING_VERSION = 1.0;
				OTHER_LDFLAGS = (
					"$(inherited)",
					"-ObjC",
					"-l\"c++\"",
					"-framework",
					"\"TensorFlowLite\"",
					"-framework",
					"\"TensorFlowLiteC\"",
					"-framework",
					"\"TensorFlowLiteSelectTfOps\"",
					"-weak_framework",
					"\"CoreML\"",
				);
				PRODUCT_BUNDLE_IDENTIFIER = com.yumiya.penstrokemodel;
				PRODUCT_NAME = "$(TARGET_NAME)";
				SWIFT_EMIT_LOC_STRINGS = YES;
				SWIFT_VERSION = 5.0;
				TARGETED_DEVICE_FAMILY = "1,2";
			};
			name = Debug;
		};
		2B8868E62C384F4300419C85 /* Release */ = {
			isa = XCBuildConfiguration;
			baseConfigurationReference = 4953BBCDB4B9F567EDB7E29B /* Pods-penstrokemodel.release.xcconfig */;
			buildSettings = {
				ASSETCATALOG_COMPILER_APPICON_NAME = AppIcon;
				ASSETCATALOG_COMPILER_GLOBAL_ACCENT_COLOR_NAME = AccentColor;
				CODE_SIGN_STYLE = Automatic;
				CURRENT_PROJECT_VERSION = 1;
				DEVELOPMENT_TEAM = 637JS3JU7M;
				ENABLE_USER_SCRIPT_SANDBOXING = NO;
				GENERATE_INFOPLIST_FILE = YES;
				INFOPLIST_FILE = penstrokemodel/Info.plist;
				INFOPLIST_KEY_UIApplicationSupportsIndirectInputEvents = YES;
				INFOPLIST_KEY_UILaunchStoryboardName = LaunchScreen;
				INFOPLIST_KEY_UIMainStoryboardFile = Main;
				INFOPLIST_KEY_UISupportedInterfaceOrientations_iPad = "UIInterfaceOrientationPortrait UIInterfaceOrientationPortraitUpsideDown UIInterfaceOrientationLandscapeLeft UIInterfaceOrientationLandscapeRight";
				INFOPLIST_KEY_UISupportedInterfaceOrientations_iPhone = "UIInterfaceOrientationPortrait UIInterfaceOrientationLandscapeLeft UIInterfaceOrientationLandscapeRight";
				LD_RUNPATH_SEARCH_PATHS = (
					"$(inherited)",
					"@executable_path/Frameworks",
				);
				MARKETING_VERSION = 1.0;
				OTHER_LDFLAGS = (
					"$(inherited)",
					"-ObjC",
					"-l\"c++\"",
					"-framework",
					"\"TensorFlowLite\"",
					"-framework",
					"\"TensorFlowLiteC\"",
					"-framework",
					"\"TensorFlowLiteSelectTfOps\"",
					"-weak_framework",
					"\"CoreML\"",
				);
				PRODUCT_BUNDLE_IDENTIFIER = com.yumiya.penstrokemodel;
				PRODUCT_NAME = "$(TARGET_NAME)";
				SWIFT_EMIT_LOC_STRINGS = YES;
				SWIFT_VERSION = 5.0;
				TARGETED_DEVICE_FAMILY = "1,2";
			};
			name = Release;
		};
		2B8868E82C384F4300419C85 /* Debug */ = {
			isa = XCBuildConfiguration;
			buildSettings = {
				ALWAYS_EMBED_SWIFT_STANDARD_LIBRARIES = YES;
				BUNDLE_LOADER = "$(TEST_HOST)";
				CODE_SIGN_STYLE = Automatic;
				CURRENT_PROJECT_VERSION = 1;
				DEVELOPMENT_TEAM = 637JS3JU7M;
				GENERATE_INFOPLIST_FILE = YES;
				IPHONEOS_DEPLOYMENT_TARGET = 17.4;
				MARKETING_VERSION = 1.0;
				PRODUCT_BUNDLE_IDENTIFIER = com.yumiya.penstrokemodelTests;
				PRODUCT_NAME = "$(TARGET_NAME)";
				SWIFT_EMIT_LOC_STRINGS = NO;
				SWIFT_VERSION = 5.0;
				TARGETED_DEVICE_FAMILY = "1,2";
				TEST_HOST = "$(BUILT_PRODUCTS_DIR)/penstrokemodel.app/$(BUNDLE_EXECUTABLE_FOLDER_PATH)/penstrokemodel";
			};
			name = Debug;
		};
		2B8868E92C384F4300419C85 /* Release */ = {
			isa = XCBuildConfiguration;
			buildSettings = {
				ALWAYS_EMBED_SWIFT_STANDARD_LIBRARIES = YES;
				BUNDLE_LOADER = "$(TEST_HOST)";
				CODE_SIGN_STYLE = Automatic;
				CURRENT_PROJECT_VERSION = 1;
				DEVELOPMENT_TEAM = 637JS3JU7M;
				GENERATE_INFOPLIST_FILE = YES;
				IPHONEOS_DEPLOYMENT_TARGET = 17.4;
				MARKETING_VERSION = 1.0;
				PRODUCT_BUNDLE_IDENTIFIER = com.yumiya.penstrokemodelTests;
				PRODUCT_NAME = "$(TARGET_NAME)";
				SWIFT_EMIT_LOC_STRINGS = NO;
				SWIFT_VERSION = 5.0;
				TARGETED_DEVICE_FAMILY = "1,2";
				TEST_HOST = "$(BUILT_PRODUCTS_DIR)/penstrokemodel.app/$(BUNDLE_EXECUTABLE_FOLDER_PATH)/penstrokemodel";
			};
			name = Release;
		};
		2B8868EB2C384F4300419C85 /* Debug */ = {
			isa = XCBuildConfiguration;
			buildSettings = {
				ALWAYS_EMBED_SWIFT_STANDARD_LIBRARIES = YES;
				CODE_SIGN_STYLE = Automatic;
				CURRENT_PROJECT_VERSION = 1;
				DEVELOPMENT_TEAM = 637JS3JU7M;
				GENERATE_INFOPLIST_FILE = YES;
				MARKETING_VERSION = 1.0;
				PRODUCT_BUNDLE_IDENTIFIER = com.yumiya.penstrokemodelUITests;
				PRODUCT_NAME = "$(TARGET_NAME)";
				SWIFT_EMIT_LOC_STRINGS = NO;
				SWIFT_VERSION = 5.0;
				TARGETED_DEVICE_FAMILY = "1,2";
				TEST_TARGET_NAME = penstrokemodel;
			};
			name = Debug;
		};
		2B8868EC2C384F4300419C85 /* Release */ = {
			isa = XCBuildConfiguration;
			buildSettings = {
				ALWAYS_EMBED_SWIFT_STANDARD_LIBRARIES = YES;
				CODE_SIGN_STYLE = Automatic;
				CURRENT_PROJECT_VERSION = 1;
				DEVELOPMENT_TEAM = 637JS3JU7M;
				GENERATE_INFOPLIST_FILE = YES;
				MARKETING_VERSION = 1.0;
				PRODUCT_BUNDLE_IDENTIFIER = com.yumiya.penstrokemodelUITests;
				PRODUCT_NAME = "$(TARGET_NAME)";
				SWIFT_EMIT_LOC_STRINGS = NO;
				SWIFT_VERSION = 5.0;
				TARGETED_DEVICE_FAMILY = "1,2";
				TEST_TARGET_NAME = penstrokemodel;
			};
			name = Release;
		};
/* End XCBuildConfiguration section */

/* Begin XCConfigurationList section */
		2B8868B52C384F4000419C85 /* Build configuration list for PBXProject "penstrokemodel" */ = {
			isa = XCConfigurationList;
			buildConfigurations = (
				2B8868E22C384F4300419C85 /* Debug */,
				2B8868E32C384F4300419C85 /* Release */,
			);
			defaultConfigurationIsVisible = 0;
			defaultConfigurationName = Release;
		};
		2B8868E42C384F4300419C85 /* Build configuration list for PBXNativeTarget "penstrokemodel" */ = {
			isa = XCConfigurationList;
			buildConfigurations = (
				2B8868E52C384F4300419C85 /* Debug */,
				2B8868E62C384F4300419C85 /* Release */,
			);
			defaultConfigurationIsVisible = 0;
			defaultConfigurationName = Release;
		};
		2B8868E72C384F4300419C85 /* Build configuration list for PBXNativeTarget "penstrokemodelTests" */ = {
			isa = XCConfigurationList;
			buildConfigurations = (
				2B8868E82C384F4300419C85 /* Debug */,
				2B8868E92C384F4300419C85 /* Release */,
			);
			defaultConfigurationIsVisible = 0;
			defaultConfigurationName = Release;
		};
		2B8868EA2C384F4300419C85 /* Build configuration list for PBXNativeTarget "penstrokemodelUITests" */ = {
			isa = XCConfigurationList;
			buildConfigurations = (
				2B8868EB2C384F4300419C85 /* Debug */,
				2B8868EC2C384F4300419C85 /* Release */,
			);
			defaultConfigurationIsVisible = 0;
			defaultConfigurationName = Release;
		};
/* End XCConfigurationList section */
	};
	rootObject = 2B8868B22C384F4000419C85 /* Project object */;
}
